
Microsoft Visual Studio Solution File, Format Version 12.00
Project("{FAE04EC0-301F-11D3-BF4B-00C04F79EFBC}") = "WinForms", "WinForms\WinForms.csproj", "{F8811A8F-06F7-4A80-A634-370D0D501C5E}"
EndProject
Project("{FAE04EC0-301F-11D3-BF4B-00C04F79EFBC}") = "Core", "Core\Core.csproj", "{926576B8-F39D-47FE-9821-C4A80FCD2DEC}"
EndProject
Global
	GlobalSection(SolutionConfigurationPlatforms) = preSolution
		Debug|Any CPU = Debug|Any CPU
		Release|Any CPU = Release|Any CPU
	EndGlobalSection
	GlobalSection(ProjectConfigurationPlatforms) = postSolution
		{F8811A8F-06F7-4A80-A634-370D0D501C5E}.Debug|Any CPU.ActiveCfg = Debug|Any CPU
		{F8811A8F-06F7-4A80-A634-370D0D501C5E}.Debug|Any CPU.Build.0 = Debug|Any CPU
		{F8811A8F-06F7-4A80-A634-370D0D501C5E}.Release|Any CPU.ActiveCfg = Release|Any CPU
		{F8811A8F-06F7-4A80-A634-370D0D501C5E}.Release|Any CPU.Build.0 = Release|Any CPU
		{926576B8-F39D-47FE-9821-C4A80FCD2DEC}.Debug|Any CPU.ActiveCfg = Debug|Any CPU
		{926576B8-F39D-47FE-9821-C4A80FCD2DEC}.Debug|Any CPU.Build.0 = Debug|Any CPU
		{926576B8-F39D-47FE-9821-C4A80FCD2DEC}.Release|Any CPU.ActiveCfg = Release|Any CPU
		{926576B8-F39D-47FE-9821-C4A80FCD2DEC}.Release|Any CPU.Build.0 = Release|Any CPU
	EndGlobalSection
EndGlobal
